
Microsoft Visual Studio Solution File, Format Version 12.00
# Visual Studio Version 17
VisualStudioVersion = 17.0.31903.59
MinimumVisualStudioVersion = 10.0.40219.1
Project("{FAE04EC0-301F-11D3-BF4B-00C04F79EFBC}") = "GameServerApi", "GameServerApi\GameServerApi.csproj", "{27CD650A-4CF1-444A-B9F6-0BBE5C57BD0F}"
EndProject
Project("{FAE04EC0-301F-11D3-BF4B-00C04F79EFBC}") = "GameChatBot", "GameChatBot\GameChatBot.csproj", "{CEBCB9EA-B1F4-451A-907C-3B6F9EC56C40}"
EndProject
Project("{2150E333-8FDC-42A3-9474-1A3956D46DE8}") = "_Solution Items", "_Solution Items", "{1AA1D02F-7116-5B38-8DE8-872F7AF62B98}"
	ProjectSection(SolutionItems) = preProject
		readme.md = readme.md
		.vscode\launch.json = .vscode\launch.json
		.vscode\tasks.json = .vscode\tasks.json
		.gitignore = .gitignore
	EndProjectSection
EndProject
Global
	GlobalSection(SolutionConfigurationPlatforms) = preSolution
		Debug|Any CPU = Debug|Any CPU
		Release|Any CPU = Release|Any CPU
	EndGlobalSection
	GlobalSection(ProjectConfigurationPlatforms) = postSolution
		{27CD650A-4CF1-444A-B9F6-0BBE5C57BD0F}.Debug|Any CPU.ActiveCfg = Debug|Any CPU
		{27CD650A-4CF1-444A-B9F6-0BBE5C57BD0F}.Debug|Any CPU.Build.0 = Debug|Any CPU
		{27CD650A-4CF1-444A-B9F6-0BBE5C57BD0F}.Release|Any CPU.ActiveCfg = Release|Any CPU
		{27CD650A-4CF1-444A-B9F6-0BBE5C57BD0F}.Release|Any CPU.Build.0 = Release|Any CPU
		{CEBCB9EA-B1F4-451A-907C-3B6F9EC56C40}.Debug|Any CPU.ActiveCfg = Debug|Any CPU
		{CEBCB9EA-B1F4-451A-907C-3B6F9EC56C40}.Debug|Any CPU.Build.0 = Debug|Any CPU
		{CEBCB9EA-B1F4-451A-907C-3B6F9EC56C40}.Release|Any CPU.ActiveCfg = Release|Any CPU
		{CEBCB9EA-B1F4-451A-907C-3B6F9EC56C40}.Release|Any CPU.Build.0 = Release|Any CPU
	EndGlobalSection
	GlobalSection(SolutionProperties) = preSolution
		HideSolutionNode = FALSE
	EndGlobalSection
EndGlobal
